{
  "lockfileVersion": 1,
  "configVersion": 1,
  "workspaces": {
    "": {
      "name": "tt-time-tracker",
      "devDependencies": {
        "@types/vscode": "^1.85.0",
      },
    },
  },
  "packages": {
    "@types/vscode": ["@types/vscode@1.109.0", "", {}, "sha512-0Pf95rnwEIwDbmXGC08r0B4TQhAbsHQ5UyTIgVgoieDe4cOnf92usuR5dEczb6bTKEp7ziZH4TV1TRGPPCExtw=="],
  }
}
